
Microsoft Visual Studio Solution File, Format Version 12.00
# Visual Studio Version 16
VisualStudioVersion = 16.0.29806.167
MinimumVisualStudioVersion = 10.0.40219.1
Project("{FAE04EC0-301F-11D3-BF4B-00C04F79EFBC}") = "WindowsFormsApp3", "WindowsFormsApp3\WindowsFormsApp3.csproj", "{61B97209-D2AE-4C0D-B4A6-99B4C4BA16C2}"
EndProject
Global
	GlobalSection(SolutionConfigurationPlatforms) = preSolution
		Debug|Any CPU = Debug|Any CPU
		Release|Any CPU = Release|Any CPU
	EndGlobalSection
	GlobalSection(ProjectConfigurationPlatforms) = postSolution
		{61B97209-D2AE-4C0D-B4A6-99B4C4BA16C2}.Debug|Any CPU.ActiveCfg = Debug|Any CPU
		{61B97209-D2AE-4C0D-B4A6-99B4C4BA16C2}.Debug|Any CPU.Build.0 = Debug|Any CPU
		{61B97209-D2AE-4C0D-B4A6-99B4C4BA16C2}.Release|Any CPU.ActiveCfg = Release|Any CPU
		{61B97209-D2AE-4C0D-B4A6-99B4C4BA16C2}.Release|Any CPU.Build.0 = Release|Any CPU
	EndGlobalSection
	GlobalSection(SolutionProperties) = preSolution
		HideSolutionNode = FALSE
	EndGlobalSection
	GlobalSection(ExtensibilityGlobals) = postSolution
		SolutionGuid = {EA268721-BA4B-41C6-B0BE-0BEB041B35D0}
	EndGlobalSection
EndGlobal
